{
  "version": 4,
  "terraform_version": "1.9.8",
  "serial": 50,
  "lineage": "39b86686-d362-4e85-6ca8-da047092f3fe",
  "outputs": {
    "bbn_vm_public_ip": {
      "value": "128.251.40.169",
      "type": "string"
    }
  },
  "resources": [
    {
      "mode": "managed",
      "type": "azurerm_linux_virtual_machine",
      "name": "bbn_vm",
      "provider": "provider[\"registry.terraform.io/hashicorp/azurerm\"]",
      "instances": [
        {
          "schema_version": 0,
          "attributes": {
            "additional_capabilities": [],
            "admin_password": null,
            "admin_ssh_key": [
              {
                "public_key": "ssh-rsa AAAAB3NzaC1yc2EAAAADAQABAAACAQDu76k1GF9lNZT+2XFKWvCvT3XMIqzDfA4UeJE1aV+YY9Y61nG5wtCViVBWub62u8RyFWgKhA02TrHbPx2b132g1pUYjsa6SOI4wYhN+Uxw6wUQnC+V115BHHGQHnFMx9HxEzkI0TEysvZ5SEVt2AyZ/0Ib9ymbV0gVe2vbllhvT43MdptB+4H0HoWgcMtIkBvt66JYIuFOwnNzwZm1NjsqZHQiQwKAy7PDycCkMjKrSf1u3UBnStvhf9aD2H8Pq9mtGVlW3cFnTTI1pSp+TGH6L8FnT0UTpFecN2zwIuelPm+7UkX0pJNHy6nkoPYOinpDmwYYvnXME60vCOLivUjgYRXNY8VZhYpQ5K8AB6jCpi1Qcmks3EwHgJhQ2U1XPKyNio3cKPFOpf99119HVLoQbbGQw3KfG1XQTnkZFeEJqS6L4Lbupb8sSSQWF/Ubo6D7QgRRylS8CsfdYutBGd+jHfdhWu3aCVv86Gft/DHPcdqfNZoU9M8TH/Sdqb/VsnJ/w6Oaddx4HYrmGaVIH9ZeMLoIgqKGZVeL4K/cABZljcsMGR8aloCTU7iCmdFXmHSaH5jezPqK6EqPGRlKbZpf2iIdipaOA8g4NyXQzWyNixHBvN+5ghBJ03qqj/xaNh0xH9CbGEwvJ9G1oB+Dkfv3LMA5p7UHWofhLwMBRMdY9w== ton-email@example.com\n",
                "username": "dsi34"
              }
            ],
            "admin_username": "dsi34",
            "allow_extension_operations": true,
            "availability_set_id": "",
            "boot_diagnostics": [],
            "bypass_platform_safety_checks_on_user_schedule_enabled": false,
            "capacity_reservation_group_id": "",
            "computer_name": "bbn-vm-ubuntu",
            "custom_data": "I2Nsb3VkLWNvbmZpZw0KDQpob3N0bmFtZTogZHNpMzQNCmxvY2FsZTogZnJfRlIuVVRGLTgNCnRpbWV6b25lOiBFdXJvcGUvUGFyaXMNCm1hbmFnZV9ldGNfaG9zdHM6IHRydWUNCg0KdXNlcnM6DQogIC0gbmFtZTogZHNpMzQNCiAgICBncm91cHM6IFtzdWRvLCBkb2NrZXJdDQogICAgc2hlbGw6IC9iaW4vYmFzaA0KICAgIHN1ZG86IEFMTD0oQUxMKSBOT1BBU1NXRDpBTEwNCiAgICBsb2NrX3Bhc3N3ZDogZmFsc2UNCiAgICBwYXNzd2Q6ICIkNiQ4YzI5TjF6d3VZemJtTElYJHNjME81WXBiWTJGWjJISnRQWnI5S3hpNkRSSThzVjhYRHQ2SGE0ak5qVkpTc2NaU0c0Li5xQUs5T0dxb2xRMng2SDFsVFQybkRuZElSTHZkOFB6MSINCiAgICBzc2hfYXV0aG9yaXplZF9rZXlzOg0KICAgICAgLSBzc2gtcnNhIEFBQUFCM056YUMxeWMyRUFBQUFEQVFBQkFBQUNBUUR1NzZrMUdGOWxOWlQrMlhGS1d2Q3ZUM1hNSXF6RGZBNFVlSkUxYVYrWVk5WTYxbkc1d3RDVmlWQld1YjYydThSeUZXZ0toQTAyVHJIYlB4MmIxMzJnMXBVWWpzYTZTT0k0d1loTitVeHc2d1VRbkMrVjExNUJISEdRSG5GTXg5SHhFemtJMFRFeXN2WjVTRVZ0MkF5Wi8wSWI5eW1iVjBnVmUydmJsbGh2VDQzTWRwdEIrNEgwSG9XZ2NNdElrQnZ0NjZKWUl1Rk93bk56d1ptMU5qc3FaSFFpUXdLQXk3UER5Y0NrTWpLclNmMXUzVUJuU3R2aGY5YUQySDhQcTltdEdWbFczY0ZuVFRJMXBTcCtUR0g2TDhGblQwVVRwRmVjTjJ6d0l1ZWxQbSs3VWtYMHBKTkh5Nm5rb1BZT2lucERtd1lZdm5YTUU2MHZDT0xpdlVqZ1lSWE5ZOFZaaFlwUTVLOEFCNmpDcGkxUWNta3MzRXdIZ0poUTJVMVhQS3lOaW8zY0tQRk9wZjk5MTE5SFZMb1FiYkdRdzNLZkcxWFFUbmtaRmVFSnFTNkw0TGJ1cGI4c1NTUVdGL1VibzZEN1FnUlJ5bFM4Q3NmZFl1dEJHZCtqSGZkaFd1M2FDVnY4NkdmdC9ESFBjZHFmTlpvVTlNOFRIL1NkcWIvVnNuSi93Nk9hZGR4NEhZcm1HYVZJSDlaZU1Mb0lncUtHWlZlTDRLL2NBQlpsamNzTUdSOGFsb0NUVTdpQ21kRlhtSFNhSDVqZXpQcUs2RXFQR1JsS2JacGYyaUlkaXBhT0E4ZzROeVhReld5Tml4SEJ2Tis1Z2hCSjAzcXFqL3hhTmgweEg5Q2JHRXd2SjlHMW9CK0RrZnYzTE1BNXA3VUhXb2ZoTHdNQlJNZFk5dz09IHRvbi1lbWFpbEBleGFtcGxlLmNvbQ0KDQpzc2hfcHdhdXRoOiB0cnVlDQoNCnBhY2thZ2VfdXBkYXRlOiB0cnVlDQpwYWNrYWdlX3VwZ3JhZGU6IHRydWUNCnBhY2thZ2VzOg0KICAtIGFuc2libGUNCiAgLSBnaXQNCiAgLSBuZXQtdG9vbHMNCiAgLSBweXRob24zDQogIC0gcHl0aG9uMy1waXANCiAgLSB1bnppcA0KICAtIGN1cmwNCiAgLSBkb2NrZXIuaW8NCiAgLSBkb2NrZXItY29tcG9zZQ0KICAtIGNhLWNlcnRpZmljYXRlcw0KICAtIGdudXBnDQogIC0gbHNiLXJlbGVhc2UNCiAgLSBuZ2lueA0KDQpydW5jbWQ6DQogIC0gc3lzdGVtY3RsIGVuYWJsZSBuZ2lueA0KICAtIHN5c3RlbWN0bCBzdGFydCBuZ2lueA0KICAjIFRlcnJhZm9ybSBpbnN0YWxsDQogIC0gY3VybCAtZnNTTCBodHRwczovL3JlbGVhc2VzLmhhc2hpY29ycC5jb20vdGVycmFmb3JtLzEuNi42L3RlcnJhZm9ybV8xLjYuNl9saW51eF9hbWQ2NC56aXAgLW8gL3RtcC90ZXJyYWZvcm0uemlwDQogIC0gdW56aXAgL3RtcC90ZXJyYWZvcm0uemlwIC1kIC91c3IvbG9jYWwvYmluLw0KICAtIHJtIC90bXAvdGVycmFmb3JtLnppcA0KICAjIFB5dGhvbiBwYWNrYWdlcw0KICAtIHBpcDMgaW5zdGFsbCBib3RvMyBweXZtb21pDQogICMgR2l0TGFiIFJ1bm5lcg0KICAtIGN1cmwgLUwgLS1vdXRwdXQgL3Vzci9sb2NhbC9iaW4vZ2l0bGFiLXJ1bm5lciBodHRwczovL2dpdGxhYi1ydW5uZXItZG93bmxvYWRzLnMzLmFtYXpvbmF3cy5jb20vbGF0ZXN0L2JpbmFyaWVzL2dpdGxhYi1ydW5uZXItbGludXgtYW1kNjQNCiAgLSBjaG1vZCAreCAvdXNyL2xvY2FsL2Jpbi9naXRsYWItcnVubmVyDQogIC0gdXNlcmFkZCAtLWNvbW1lbnQgJ0dpdExhYiBSdW5uZXInIC0tY3JlYXRlLWhvbWUgZ2l0bGFiLXJ1bm5lciAtLXNoZWxsIC9iaW4vYmFzaCB8fCB0cnVlDQogIC0gZ2l0bGFiLXJ1bm5lciBpbnN0YWxsIC0tdXNlcj1naXRsYWItcnVubmVyIC0td29ya2luZy1kaXJlY3Rvcnk9L2hvbWUvZ2l0bGFiLXJ1bm5lciB8fCB0cnVlDQogIC0gZ2l0bGFiLXJ1bm5lciBzdGFydCB8fCB0cnVlDQogICMgSzNkICsga3ViZWN0bA0KICAtIGJhc2ggLWMgIiQoY3VybCAtcyBodHRwczovL3Jhdy5naXRodWJ1c2VyY29udGVudC5jb20vazNkLWlvL2szZC9tYWluL2luc3RhbGwuc2gpIg0KICAtIGN1cmwgLUxPICJodHRwczovL2RsLms4cy5pby9yZWxlYXNlLyQoY3VybCAtTCAtcyBodHRwczovL2RsLms4cy5pby9yZWxlYXNlL3N0YWJsZS50eHQpL2Jpbi9saW51eC9hbWQ2NC9rdWJlY3RsIg0KICAtIGluc3RhbGwgLW8gcm9vdCAtZyByb290IC1tIDA3NTUga3ViZWN0bCAvdXNyL2xvY2FsL2Jpbi9rdWJlY3RsDQogICMgUmVib290IMOgIGxhIGZpbiAoZmFjdWx0YXRpZiwgQXp1cmUgcmVib290IHBhcmZvaXMgw6AgbGEgY3LDqWF0aW9uIGRlIFZNKQ0KICAtIHJlYm9vdA0KDQp3cml0ZV9maWxlczoNCiAgLSBwYXRoOiAvZXRjL2RlZmF1bHQva2V5Ym9hcmQNCiAgICBjb250ZW50OiB8DQogICAgICBYS0JNT0RFTD0icGMxMDUiDQogICAgICBYS0JMQVlPVVQ9ImZyIg0KICAgICAgWEtCVkFSSUFOVD0iYXplcnR5Ig0KICAgICAgWEtCT1BUSU9OUz0iIg0KICAgIG93bmVyOiByb290OnJvb3QNCiAgICBwZXJtaXNzaW9uczogJzA2NDQnDQo=",
            "dedicated_host_group_id": "",
            "dedicated_host_id": "",
            "disable_password_authentication": true,
            "disk_controller_type": "",
            "edge_zone": "",
            "encryption_at_host_enabled": false,
            "eviction_policy": "",
            "extensions_time_budget": "PT1H30M",
            "gallery_application": [],
            "id": "/subscriptions/09eef35c-bc62-40ab-8932-c171977b897b/resourceGroups/bbn-rg-vm/providers/Microsoft.Compute/virtualMachines/bbn-vm-ubuntu",
            "identity": [],
            "license_type": "",
            "location": "northeurope",
            "max_bid_price": -1,
            "name": "bbn-vm-ubuntu",
            "network_interface_ids": [
              "/subscriptions/09eef35c-bc62-40ab-8932-c171977b897b/resourceGroups/bbn-rg-vm/providers/Microsoft.Network/networkInterfaces/bbn-nic"
            ],
            "os_disk": [
              {
                "caching": "ReadWrite",
                "diff_disk_settings": [],
                "disk_encryption_set_id": "",
                "disk_size_gb": 70,
                "id": "/subscriptions/09eef35c-bc62-40ab-8932-c171977b897b/resourceGroups/bbn-rg-vm/providers/Microsoft.Compute/disks/bbn-osdisk-ubuntu",
                "name": "bbn-osdisk-ubuntu",
                "secure_vm_disk_encryption_set_id": "",
                "security_encryption_type": "",
                "storage_account_type": "Standard_LRS",
                "write_accelerator_enabled": false
              }
            ],
            "os_image_notification": [],
            "patch_assessment_mode": "ImageDefault",
            "patch_mode": "ImageDefault",
            "plan": [],
            "platform_fault_domain": -1,
            "priority": "Regular",
            "private_ip_address": "10.1.1.4",
            "private_ip_addresses": [
              "10.1.1.4"
            ],
            "provision_vm_agent": true,
            "proximity_placement_group_id": "",
            "public_ip_address": "128.251.40.169",
            "public_ip_addresses": [
              "128.251.40.169"
            ],
            "reboot_setting": "",
            "resource_group_name": "bbn-rg-vm",
            "secret": [],
            "secure_boot_enabled": false,
            "size": "Standard_B1s",
            "source_image_id": "",
            "source_image_reference": [
              {
                "offer": "0001-com-ubuntu-server-jammy",
                "publisher": "Canonical",
                "sku": "22_04-lts",
                "version": "latest"
              }
            ],
            "tags": null,
            "termination_notification": null,
            "timeouts": null,
            "user_data": "",
            "virtual_machine_id": "25113b31-16a4-4d32-8c8e-2cfca4552bf8",
            "virtual_machine_scale_set_id": "",
            "vm_agent_platform_updates_enabled": false,
            "vtpm_enabled": false,
            "zone": ""
          },
          "sensitive_attributes": [
            [
              {
                "type": "get_attr",
                "value": "admin_password"
              }
            ],
            [
              {
                "type": "get_attr",
                "value": "custom_data"
              }
            ]
          ],
          "private": "eyJlMmJmYjczMC1lY2FhLTExZTYtOGY4OC0zNDM2M2JjN2M0YzAiOnsiY3JlYXRlIjoyNzAwMDAwMDAwMDAwLCJkZWxldGUiOjI3MDAwMDAwMDAwMDAsInJlYWQiOjMwMDAwMDAwMDAwMCwidXBkYXRlIjoyNzAwMDAwMDAwMDAwfX0=",
          "dependencies": [
            "azurerm_network_interface.bbn_nic",
            "azurerm_public_ip.bbn_public_ip",
            "azurerm_resource_group.bbn_rg",
            "azurerm_subnet.bbn_subnet",
            "azurerm_virtual_network.bbn_vnet"
          ]
        }
      ]
    },
    {
      "mode": "managed",
      "type": "azurerm_network_interface",
      "name": "bbn_nic",
      "provider": "provider[\"registry.terraform.io/hashicorp/azurerm\"]",
      "instances": [
        {
          "schema_version": 0,
          "attributes": {
            "accelerated_networking_enabled": false,
            "applied_dns_servers": [],
            "auxiliary_mode": "",
            "auxiliary_sku": "",
            "dns_servers": null,
            "edge_zone": "",
            "id": "/subscriptions/09eef35c-bc62-40ab-8932-c171977b897b/resourceGroups/bbn-rg-vm/providers/Microsoft.Network/networkInterfaces/bbn-nic",
            "internal_dns_name_label": "",
            "internal_domain_name_suffix": "vgish3aeymjunpgyyfgw4feimb.fx.internal.cloudapp.net",
            "ip_configuration": [
              {
                "gateway_load_balancer_frontend_ip_configuration_id": "",
                "name": "ipconfig1",
                "primary": true,
                "private_ip_address": "10.1.1.4",
                "private_ip_address_allocation": "Dynamic",
                "private_ip_address_version": "IPv4",
                "public_ip_address_id": "/subscriptions/09eef35c-bc62-40ab-8932-c171977b897b/resourceGroups/bbn-rg-vm/providers/Microsoft.Network/publicIPAddresses/bbn-public-ip",
                "subnet_id": "/subscriptions/09eef35c-bc62-40ab-8932-c171977b897b/resourceGroups/bbn-rg-vm/providers/Microsoft.Network/virtualNetworks/bbn-vnet/subnets/bbn-subnet"
              }
            ],
            "ip_forwarding_enabled": false,
            "location": "northeurope",
            "mac_address": "",
            "name": "bbn-nic",
            "private_ip_address": "10.1.1.4",
            "private_ip_addresses": [
              "10.1.1.4"
            ],
            "resource_group_name": "bbn-rg-vm",
            "tags": null,
            "timeouts": null,
            "virtual_machine_id": ""
          },
          "sensitive_attributes": [],
          "private": "eyJlMmJmYjczMC1lY2FhLTExZTYtOGY4OC0zNDM2M2JjN2M0YzAiOnsiY3JlYXRlIjoxODAwMDAwMDAwMDAwLCJkZWxldGUiOjE4MDAwMDAwMDAwMDAsInJlYWQiOjMwMDAwMDAwMDAwMCwidXBkYXRlIjoxODAwMDAwMDAwMDAwfX0=",
          "dependencies": [
            "azurerm_public_ip.bbn_public_ip",
            "azurerm_resource_group.bbn_rg",
            "azurerm_subnet.bbn_subnet",
            "azurerm_virtual_network.bbn_vnet"
          ]
        }
      ]
    },
    {
      "mode": "managed",
      "type": "azurerm_network_security_group",
      "name": "bbn_nsg",
      "provider": "provider[\"registry.terraform.io/hashicorp/azurerm\"]",
      "instances": [
        {
          "schema_version": 0,
          "attributes": {
            "id": "/subscriptions/09eef35c-bc62-40ab-8932-c171977b897b/resourceGroups/bbn-rg-vm/providers/Microsoft.Network/networkSecurityGroups/bbn-nsg",
            "location": "northeurope",
            "name": "bbn-nsg",
            "resource_group_name": "bbn-rg-vm",
            "security_rule": [
              {
                "access": "Allow",
                "description": "",
                "destination_address_prefix": "*",
                "destination_address_prefixes": [],
                "destination_application_security_group_ids": [],
                "destination_port_range": "22",
                "destination_port_ranges": [],
                "direction": "Inbound",
                "name": "Allow-SSH",
                "priority": 1001,
                "protocol": "Tcp",
                "source_address_prefix": "*",
                "source_address_prefixes": [],
                "source_application_security_group_ids": [],
                "source_port_range": "*",
                "source_port_ranges": []
              }
            ],
            "tags": null,
            "timeouts": null
          },
          "sensitive_attributes": [],
          "private": "eyJlMmJmYjczMC1lY2FhLTExZTYtOGY4OC0zNDM2M2JjN2M0YzAiOnsiY3JlYXRlIjoxODAwMDAwMDAwMDAwLCJkZWxldGUiOjE4MDAwMDAwMDAwMDAsInJlYWQiOjMwMDAwMDAwMDAwMCwidXBkYXRlIjoxODAwMDAwMDAwMDAwfX0=",
          "dependencies": [
            "azurerm_resource_group.bbn_rg"
          ]
        }
      ]
    },
    {
      "mode": "managed",
      "type": "azurerm_public_ip",
      "name": "bbn_public_ip",
      "provider": "provider[\"registry.terraform.io/hashicorp/azurerm\"]",
      "instances": [
        {
          "schema_version": 0,
          "attributes": {
            "allocation_method": "Static",
            "ddos_protection_mode": "VirtualNetworkInherited",
            "ddos_protection_plan_id": null,
            "domain_name_label": null,
            "domain_name_label_scope": null,
            "edge_zone": "",
            "fqdn": null,
            "id": "/subscriptions/09eef35c-bc62-40ab-8932-c171977b897b/resourceGroups/bbn-rg-vm/providers/Microsoft.Network/publicIPAddresses/bbn-public-ip",
            "idle_timeout_in_minutes": 4,
            "ip_address": "128.251.40.169",
            "ip_tags": null,
            "ip_version": "IPv4",
            "location": "northeurope",
            "name": "bbn-public-ip",
            "public_ip_prefix_id": null,
            "resource_group_name": "bbn-rg-vm",
            "reverse_fqdn": null,
            "sku": "Standard",
            "sku_tier": "Regional",
            "tags": null,
            "timeouts": null,
            "zones": null
          },
          "sensitive_attributes": [],
          "private": "eyJlMmJmYjczMC1lY2FhLTExZTYtOGY4OC0zNDM2M2JjN2M0YzAiOnsiY3JlYXRlIjoxODAwMDAwMDAwMDAwLCJkZWxldGUiOjE4MDAwMDAwMDAwMDAsInJlYWQiOjMwMDAwMDAwMDAwMCwidXBkYXRlIjoxODAwMDAwMDAwMDAwfX0=",
          "dependencies": [
            "azurerm_resource_group.bbn_rg"
          ]
        }
      ]
    },
    {
      "mode": "managed",
      "type": "azurerm_resource_group",
      "name": "bbn_rg",
      "provider": "provider[\"registry.terraform.io/hashicorp/azurerm\"]",
      "instances": [
        {
          "schema_version": 0,
          "attributes": {
            "id": "/subscriptions/09eef35c-bc62-40ab-8932-c171977b897b/resourceGroups/bbn-rg-vm",
            "location": "northeurope",
            "managed_by": "",
            "name": "bbn-rg-vm",
            "tags": null,
            "timeouts": null
          },
          "sensitive_attributes": [],
          "private": "eyJlMmJmYjczMC1lY2FhLTExZTYtOGY4OC0zNDM2M2JjN2M0YzAiOnsiY3JlYXRlIjo1NDAwMDAwMDAwMDAwLCJkZWxldGUiOjU0MDAwMDAwMDAwMDAsInJlYWQiOjMwMDAwMDAwMDAwMCwidXBkYXRlIjo1NDAwMDAwMDAwMDAwfX0="
        }
      ]
    },
    {
      "mode": "managed",
      "type": "azurerm_subnet",
      "name": "bbn_subnet",
      "provider": "provider[\"registry.terraform.io/hashicorp/azurerm\"]",
      "instances": [
        {
          "schema_version": 0,
          "attributes": {
            "address_prefixes": [
              "10.1.1.0/24"
            ],
            "default_outbound_access_enabled": true,
            "delegation": [],
            "id": "/subscriptions/09eef35c-bc62-40ab-8932-c171977b897b/resourceGroups/bbn-rg-vm/providers/Microsoft.Network/virtualNetworks/bbn-vnet/subnets/bbn-subnet",
            "ip_address_pool": [],
            "name": "bbn-subnet",
            "private_endpoint_network_policies": "Disabled",
            "private_link_service_network_policies_enabled": true,
            "resource_group_name": "bbn-rg-vm",
            "service_endpoint_policy_ids": null,
            "service_endpoints": null,
            "timeouts": null,
            "virtual_network_name": "bbn-vnet"
          },
          "sensitive_attributes": [],
          "private": "eyJlMmJmYjczMC1lY2FhLTExZTYtOGY4OC0zNDM2M2JjN2M0YzAiOnsiY3JlYXRlIjoxODAwMDAwMDAwMDAwLCJkZWxldGUiOjE4MDAwMDAwMDAwMDAsInJlYWQiOjMwMDAwMDAwMDAwMCwidXBkYXRlIjoxODAwMDAwMDAwMDAwfX0=",
          "dependencies": [
            "azurerm_resource_group.bbn_rg",
            "azurerm_virtual_network.bbn_vnet"
          ]
        }
      ]
    },
    {
      "mode": "managed",
      "type": "azurerm_subnet_network_security_group_association",
      "name": "bbn_subnet_assoc",
      "provider": "provider[\"registry.terraform.io/hashicorp/azurerm\"]",
      "instances": [
        {
          "schema_version": 0,
          "attributes": {
            "id": "/subscriptions/09eef35c-bc62-40ab-8932-c171977b897b/resourceGroups/bbn-rg-vm/providers/Microsoft.Network/virtualNetworks/bbn-vnet/subnets/bbn-subnet",
            "network_security_group_id": "/subscriptions/09eef35c-bc62-40ab-8932-c171977b897b/resourceGroups/bbn-rg-vm/providers/Microsoft.Network/networkSecurityGroups/bbn-nsg",
            "subnet_id": "/subscriptions/09eef35c-bc62-40ab-8932-c171977b897b/resourceGroups/bbn-rg-vm/providers/Microsoft.Network/virtualNetworks/bbn-vnet/subnets/bbn-subnet",
            "timeouts": null
          },
          "sensitive_attributes": [],
          "private": "eyJlMmJmYjczMC1lY2FhLTExZTYtOGY4OC0zNDM2M2JjN2M0YzAiOnsiY3JlYXRlIjoxODAwMDAwMDAwMDAwLCJkZWxldGUiOjE4MDAwMDAwMDAwMDAsInJlYWQiOjMwMDAwMDAwMDAwMH19",
          "dependencies": [
            "azurerm_network_security_group.bbn_nsg",
            "azurerm_resource_group.bbn_rg",
            "azurerm_subnet.bbn_subnet",
            "azurerm_virtual_network.bbn_vnet"
          ]
        }
      ]
    },
    {
      "mode": "managed",
      "type": "azurerm_virtual_network",
      "name": "bbn_vnet",
      "provider": "provider[\"registry.terraform.io/hashicorp/azurerm\"]",
      "instances": [
        {
          "schema_version": 0,
          "attributes": {
            "address_space": [
              "10.1.0.0/16"
            ],
            "bgp_community": "",
            "ddos_protection_plan": [],
            "dns_servers": [],
            "edge_zone": "",
            "encryption": [],
            "flow_timeout_in_minutes": 0,
            "guid": "f42391a9-c304-4613-bcd8-c14d6f148861",
            "id": "/subscriptions/09eef35c-bc62-40ab-8932-c171977b897b/resourceGroups/bbn-rg-vm/providers/Microsoft.Network/virtualNetworks/bbn-vnet",
            "ip_address_pool": [],
            "location": "northeurope",
            "name": "bbn-vnet",
            "private_endpoint_vnet_policies": "Disabled",
            "resource_group_name": "bbn-rg-vm",
            "subnet": [],
            "tags": null,
            "timeouts": null
          },
          "sensitive_attributes": [],
          "private": "eyJlMmJmYjczMC1lY2FhLTExZTYtOGY4OC0zNDM2M2JjN2M0YzAiOnsiY3JlYXRlIjoxODAwMDAwMDAwMDAwLCJkZWxldGUiOjE4MDAwMDAwMDAwMDAsInJlYWQiOjMwMDAwMDAwMDAwMCwidXBkYXRlIjoxODAwMDAwMDAwMDAwfX0=",
          "dependencies": [
            "azurerm_resource_group.bbn_rg"
          ]
        }
      ]
    }
  ],
  "check_results": null
}
